
Microsoft Visual Studio Solution File, Format Version 12.00
# Visual Studio 15
VisualStudioVersion = 15.0.28010.2016
MinimumVisualStudioVersion = 10.0.40219.1
Project("{2150E333-8FDC-42A3-9474-1A3956D46DE8}") = "Dal", "Dal", "{2D8E5370-B72D-411A-A601-69099AE65F44}"
EndProject
Project("{9A19103F-16F7-4668-BE54-9A1E7A4F7556}") = "RealEstateAds.Dal.SkelbiuLt", "RealEstateAds.Dal.SkelbiuLt\RealEstateAds.Dal.SkelbiuLt.csproj", "{9A742E08-0C82-4E9D-B1C1-420FB06AFBD7}"
EndProject
Project("{9A19103F-16F7-4668-BE54-9A1E7A4F7556}") = "RealEstateAds.Dal", "RealEstateAds.Dal\RealEstateAds.Dal.csproj", "{E37A5A22-8D69-4BA5-AB43-6E1F34051FD8}"
EndProject
Project("{2150E333-8FDC-42A3-9474-1A3956D46DE8}") = "Importers", "Importers", "{468826A3-9F74-4B70-B9AF-D84B6147816F}"
EndProject
Project("{2150E333-8FDC-42A3-9474-1A3956D46DE8}") = "SkelbiuLt", "SkelbiuLt", "{9029077F-B71A-4862-ACC3-699F6C146426}"
EndProject
Project("{9A19103F-16F7-4668-BE54-9A1E7A4F7556}") = "RealEstateAds.Importers.SkelbiuLt.Importer", "RealEstateAds.Importers.SkelbiuLt.Importer\RealEstateAds.Importers.SkelbiuLt.Importer.csproj", "{54B5E16E-DE5C-468A-B019-6D5FD4F5E1A4}"
EndProject
Project("{9A19103F-16F7-4668-BE54-9A1E7A4F7556}") = "RealEstateAdsAPI", "RealEstateAdsAPI\RealEstateAdsAPI.csproj", "{852EFCE4-0969-4BA5-A091-8A404831F09B}"
EndProject
Project("{FAE04EC0-301F-11D3-BF4B-00C04F79EFBC}") = "RealEstateAds.Dal.Demo", "RealEstateAds.Dal.Demo\RealEstateAds.Dal.Demo.csproj", "{D628D8E7-01B1-46D3-B393-8ED3E4B80F19}"
EndProject
Global
	GlobalSection(SolutionConfigurationPlatforms) = preSolution
		Debug|Any CPU = Debug|Any CPU
		Release|Any CPU = Release|Any CPU
	EndGlobalSection
	GlobalSection(ProjectConfigurationPlatforms) = postSolution
		{9A742E08-0C82-4E9D-B1C1-420FB06AFBD7}.Debug|Any CPU.ActiveCfg = Debug|Any CPU
		{9A742E08-0C82-4E9D-B1C1-420FB06AFBD7}.Debug|Any CPU.Build.0 = Debug|Any CPU
		{9A742E08-0C82-4E9D-B1C1-420FB06AFBD7}.Release|Any CPU.ActiveCfg = Release|Any CPU
		{9A742E08-0C82-4E9D-B1C1-420FB06AFBD7}.Release|Any CPU.Build.0 = Release|Any CPU
		{E37A5A22-8D69-4BA5-AB43-6E1F34051FD8}.Debug|Any CPU.ActiveCfg = Debug|Any CPU
		{E37A5A22-8D69-4BA5-AB43-6E1F34051FD8}.Debug|Any CPU.Build.0 = Debug|Any CPU
		{E37A5A22-8D69-4BA5-AB43-6E1F34051FD8}.Release|Any CPU.ActiveCfg = Release|Any CPU
		{E37A5A22-8D69-4BA5-AB43-6E1F34051FD8}.Release|Any CPU.Build.0 = Release|Any CPU
		{54B5E16E-DE5C-468A-B019-6D5FD4F5E1A4}.Debug|Any CPU.ActiveCfg = Debug|Any CPU
		{54B5E16E-DE5C-468A-B019-6D5FD4F5E1A4}.Debug|Any CPU.Build.0 = Debug|Any CPU
		{54B5E16E-DE5C-468A-B019-6D5FD4F5E1A4}.Release|Any CPU.ActiveCfg = Release|Any CPU
		{54B5E16E-DE5C-468A-B019-6D5FD4F5E1A4}.Release|Any CPU.Build.0 = Release|Any CPU
		{852EFCE4-0969-4BA5-A091-8A404831F09B}.Debug|Any CPU.ActiveCfg = Debug|Any CPU
		{852EFCE4-0969-4BA5-A091-8A404831F09B}.Debug|Any CPU.Build.0 = Debug|Any CPU
		{852EFCE4-0969-4BA5-A091-8A404831F09B}.Release|Any CPU.ActiveCfg = Release|Any CPU
		{852EFCE4-0969-4BA5-A091-8A404831F09B}.Release|Any CPU.Build.0 = Release|Any CPU
		{D628D8E7-01B1-46D3-B393-8ED3E4B80F19}.Debug|Any CPU.ActiveCfg = Debug|Any CPU
		{D628D8E7-01B1-46D3-B393-8ED3E4B80F19}.Debug|Any CPU.Build.0 = Debug|Any CPU
		{D628D8E7-01B1-46D3-B393-8ED3E4B80F19}.Release|Any CPU.ActiveCfg = Release|Any CPU
		{D628D8E7-01B1-46D3-B393-8ED3E4B80F19}.Release|Any CPU.Build.0 = Release|Any CPU
	EndGlobalSection
	GlobalSection(SolutionProperties) = preSolution
		HideSolutionNode = FALSE
	EndGlobalSection
	GlobalSection(NestedProjects) = preSolution
		{9A742E08-0C82-4E9D-B1C1-420FB06AFBD7} = {2D8E5370-B72D-411A-A601-69099AE65F44}
		{E37A5A22-8D69-4BA5-AB43-6E1F34051FD8} = {2D8E5370-B72D-411A-A601-69099AE65F44}
		{9029077F-B71A-4862-ACC3-699F6C146426} = {468826A3-9F74-4B70-B9AF-D84B6147816F}
		{54B5E16E-DE5C-468A-B019-6D5FD4F5E1A4} = {9029077F-B71A-4862-ACC3-699F6C146426}
		{D628D8E7-01B1-46D3-B393-8ED3E4B80F19} = {2D8E5370-B72D-411A-A601-69099AE65F44}
	EndGlobalSection
	GlobalSection(ExtensibilityGlobals) = postSolution
		SolutionGuid = {EFE11B2C-5C1D-453B-93DF-30D5DB89FEC2}
	EndGlobalSection
EndGlobal
